
Microsoft Visual Studio Solution File, Format Version 12.00
# Visual Studio 15
VisualStudioVersion = 15.0.28307.539
MinimumVisualStudioVersion = 10.0.40219.1
Project("{9A19103F-16F7-4668-BE54-9A1E7A4F7556}") = "SSMLBuilder", "SSMLBuilder\SSMLBuilder.csproj", "{6831FF53-8C88-4CCB-BD27-1416D6063D5D}"
EndProject
Project("{9A19103F-16F7-4668-BE54-9A1E7A4F7556}") = "SSMLBuilderTests", "SSMLBuilderTests\SSMLBuilderTests.csproj", "{5BB373DA-1F80-46F4-A951-5D20E208B80C}"
EndProject
Global
	GlobalSection(SolutionConfigurationPlatforms) = preSolution
		Debug|Any CPU = Debug|Any CPU
		Release|Any CPU = Release|Any CPU
	EndGlobalSection
	GlobalSection(ProjectConfigurationPlatforms) = postSolution
		{6831FF53-8C88-4CCB-BD27-1416D6063D5D}.Debug|Any CPU.ActiveCfg = Debug|Any CPU
		{6831FF53-8C88-4CCB-BD27-1416D6063D5D}.Debug|Any CPU.Build.0 = Debug|Any CPU
		{6831FF53-8C88-4CCB-BD27-1416D6063D5D}.Release|Any CPU.ActiveCfg = Release|Any CPU
		{6831FF53-8C88-4CCB-BD27-1416D6063D5D}.Release|Any CPU.Build.0 = Release|Any CPU
		{5BB373DA-1F80-46F4-A951-5D20E208B80C}.Debug|Any CPU.ActiveCfg = Debug|Any CPU
		{5BB373DA-1F80-46F4-A951-5D20E208B80C}.Debug|Any CPU.Build.0 = Debug|Any CPU
		{5BB373DA-1F80-46F4-A951-5D20E208B80C}.Release|Any CPU.ActiveCfg = Release|Any CPU
		{5BB373DA-1F80-46F4-A951-5D20E208B80C}.Release|Any CPU.Build.0 = Release|Any CPU
	EndGlobalSection
	GlobalSection(SolutionProperties) = preSolution
		HideSolutionNode = FALSE
	EndGlobalSection
	GlobalSection(ExtensibilityGlobals) = postSolution
		SolutionGuid = {342D3052-8A55-497A-AC20-DDF7F8806DA1}
	EndGlobalSection
EndGlobal
